
Microsoft Visual Studio Solution File, Format Version 12.00
# Visual Studio 14
VisualStudioVersion = 14.0.25420.1
MinimumVisualStudioVersion = 10.0.40219.1
Project("{FAE04EC0-301F-11D3-BF4B-00C04F79EFBC}") = "Model", "Model\Model.csproj", "{F6EBA294-A69B-468E-AF33-2374FE54D68C}"
EndProject
Project("{FAE04EC0-301F-11D3-BF4B-00C04F79EFBC}") = "Tests", "Tests\Tests.csproj", "{D5B6047A-B6E7-4517-96D9-A37473A95F1F}"
EndProject
Project("{FAE04EC0-301F-11D3-BF4B-00C04F79EFBC}") = "ViewModel", "ViewModel\ViewModel.csproj", "{2DB4F9A9-A6C5-4F26-ABAD-1402A40CE9EC}"
EndProject
Project("{2150E333-8FDC-42A3-9474-1A3956D46DE8}") = "Solution Items", "Solution Items", "{D571945C-47FE-4B1A-A476-180BE45BD937}"
	ProjectSection(SolutionItems) = preProject
		RS232_Protocol_VOLTCRAFT_VC840_DMM.pdf = RS232_Protocol_VOLTCRAFT_VC840_DMM.pdf
	EndProjectSection
EndProject
Project("{F2A71F9B-5D33-465A-A702-920D77279786}") = "Deocder", "Deocder\Deocder.fsproj", "{2D322817-DE97-4458-8FF6-846FEE76A21B}"
EndProject
Project("{FAE04EC0-301F-11D3-BF4B-00C04F79EFBC}") = "MultiMeter", "MultiMeter\MultiMeter.csproj", "{2E4EC0BE-4DC0-4328-BFE9-C862940B2284}"
EndProject
Project("{FAE04EC0-301F-11D3-BF4B-00C04F79EFBC}") = "Misc", "Misc\Misc.csproj", "{FD1D5266-3C4F-462D-BDF8-328625C97345}"
EndProject
Global
	GlobalSection(SolutionConfigurationPlatforms) = preSolution
		Debug|Any CPU = Debug|Any CPU
		Release|Any CPU = Release|Any CPU
	EndGlobalSection
	GlobalSection(ProjectConfigurationPlatforms) = postSolution
		{F6EBA294-A69B-468E-AF33-2374FE54D68C}.Debug|Any CPU.ActiveCfg = Debug|Any CPU
		{F6EBA294-A69B-468E-AF33-2374FE54D68C}.Debug|Any CPU.Build.0 = Debug|Any CPU
		{F6EBA294-A69B-468E-AF33-2374FE54D68C}.Release|Any CPU.ActiveCfg = Release|Any CPU
		{F6EBA294-A69B-468E-AF33-2374FE54D68C}.Release|Any CPU.Build.0 = Release|Any CPU
		{D5B6047A-B6E7-4517-96D9-A37473A95F1F}.Debug|Any CPU.ActiveCfg = Debug|Any CPU
		{D5B6047A-B6E7-4517-96D9-A37473A95F1F}.Debug|Any CPU.Build.0 = Debug|Any CPU
		{D5B6047A-B6E7-4517-96D9-A37473A95F1F}.Release|Any CPU.ActiveCfg = Release|Any CPU
		{D5B6047A-B6E7-4517-96D9-A37473A95F1F}.Release|Any CPU.Build.0 = Release|Any CPU
		{2DB4F9A9-A6C5-4F26-ABAD-1402A40CE9EC}.Debug|Any CPU.ActiveCfg = Debug|Any CPU
		{2DB4F9A9-A6C5-4F26-ABAD-1402A40CE9EC}.Debug|Any CPU.Build.0 = Debug|Any CPU
		{2DB4F9A9-A6C5-4F26-ABAD-1402A40CE9EC}.Release|Any CPU.ActiveCfg = Release|Any CPU
		{2DB4F9A9-A6C5-4F26-ABAD-1402A40CE9EC}.Release|Any CPU.Build.0 = Release|Any CPU
		{2D322817-DE97-4458-8FF6-846FEE76A21B}.Debug|Any CPU.ActiveCfg = Debug|Any CPU
		{2D322817-DE97-4458-8FF6-846FEE76A21B}.Debug|Any CPU.Build.0 = Debug|Any CPU
		{2D322817-DE97-4458-8FF6-846FEE76A21B}.Release|Any CPU.ActiveCfg = Release|Any CPU
		{2D322817-DE97-4458-8FF6-846FEE76A21B}.Release|Any CPU.Build.0 = Release|Any CPU
		{2E4EC0BE-4DC0-4328-BFE9-C862940B2284}.Debug|Any CPU.ActiveCfg = Debug|Any CPU
		{2E4EC0BE-4DC0-4328-BFE9-C862940B2284}.Debug|Any CPU.Build.0 = Debug|Any CPU
		{2E4EC0BE-4DC0-4328-BFE9-C862940B2284}.Release|Any CPU.ActiveCfg = Release|Any CPU
		{2E4EC0BE-4DC0-4328-BFE9-C862940B2284}.Release|Any CPU.Build.0 = Release|Any CPU
		{FD1D5266-3C4F-462D-BDF8-328625C97345}.Debug|Any CPU.ActiveCfg = Debug|Any CPU
		{FD1D5266-3C4F-462D-BDF8-328625C97345}.Debug|Any CPU.Build.0 = Debug|Any CPU
		{FD1D5266-3C4F-462D-BDF8-328625C97345}.Release|Any CPU.ActiveCfg = Release|Any CPU
		{FD1D5266-3C4F-462D-BDF8-328625C97345}.Release|Any CPU.Build.0 = Release|Any CPU
	EndGlobalSection
	GlobalSection(SolutionProperties) = preSolution
		HideSolutionNode = FALSE
	EndGlobalSection
EndGlobal
